// !$*UTF8*$!
{
	archiveVersion = 1;
	classes = {
	};
	objectVersion = 46;
	objects = {

/* Begin PBXBuildFile section */
		BF16B87D1A5B76D4005FBA6D /* main.m in Sources */ = {isa = PBXBuildFile; fileRef = BF16B87C1A5B76D4005FBA6D /* main.m */; };
		BF16B8881A5B76D4005FBA6D /* Images.xcassets in Resources */ = {isa = PBXBuildFile; fileRef = BF16B8871A5B76D4005FBA6D /* Images.xcassets */; };
		BF16B88B1A5B76D4005FBA6D /* LaunchScreen.xib in Resources */ = {isa = PBXBuildFile; fileRef = BF16B8891A5B76D4005FBA6D /* LaunchScreen.xib */; };
		BF16B8971A5B76D4005FBA6D /* TableViewTests.m in Sources */ = {isa = PBXBuildFile; fileRef = BF16B8961A5B76D4005FBA6D /* TableViewTests.m */; };
		BF16B8A61A5B7A9F005FBA6D /* AppDelegate.m in Sources */ = {isa = PBXBuildFile; fileRef = BF16B8A21A5B7A9F005FBA6D /* AppDelegate.m */; };
		BF16B8B61A5B7E20005FBA6D /* BaseViewController.m in Sources */ = {isa = PBXBuildFile; fileRef = BF16B8B51A5B7E20005FBA6D /* BaseViewController.m */; };
		BF16B8C31A5B8305005FBA6D /* MainViewController.m in Sources */ = {isa = PBXBuildFile; fileRef = BF16B8C11A5B8305005FBA6D /* MainViewController.m */; };
		BF16B8C41A5B8305005FBA6D /* MainViewController.xib in Resources */ = {isa = PBXBuildFile; fileRef = BF16B8C21A5B8305005FBA6D /* MainViewController.xib */; };
		BF16B8C81A5BBD1A005FBA6D /* ListCell.m in Sources */ = {isa = PBXBuildFile; fileRef = BF16B8C61A5BBD1A005FBA6D /* ListCell.m */; };
		BF16B8C91A5BBD1A005FBA6D /* ListCell.xib in Resources */ = {isa = PBXBuildFile; fileRef = BF16B8C71A5BBD1A005FBA6D /* ListCell.xib */; };
		FFD6BEC716AF0D0F6DC6134F /* libPods.a in Frameworks */ = {isa = PBXBuildFile; fileRef = DFFDE68B911D46A2577911AA /* libPods.a */; };
/* End PBXBuildFile section */

/* Begin PBXContainerItemProxy section */
		BF16B8911A5B76D4005FBA6D /* PBXContainerItemProxy */ = {
			isa = PBXContainerItemProxy;
			containerPortal = BF16B86F1A5B76D4005FBA6D /* Project object */;
			proxyType = 1;
			remoteGlobalIDString = BF16B8761A5B76D4005FBA6D;
			remoteInfo = TableView;
		};
/* End PBXContainerItemProxy section */

/* Begin PBXFileReference section */
		BF16B8771A5B76D4005FBA6D /* TableView.app */ = {isa = PBXFileReference; explicitFileType = wrapper.application; includeInIndex = 0; path = TableView.app; sourceTree = BUILT_PRODUCTS_DIR; };
		BF16B87B1A5B76D4005FBA6D /* Info.plist */ = {isa = PBXFileReference; lastKnownFileType = text.plist.xml; path = Info.plist; sourceTree = "<group>"; };
		BF16B87C1A5B76D4005FBA6D /* main.m */ = {isa = PBXFileReference; lastKnownFileType = sourcecode.c.objc; path = main.m; sourceTree = "<group>"; };
		BF16B8871A5B76D4005FBA6D /* Images.xcassets */ = {isa = PBXFileReference; lastKnownFileType = folder.assetcatalog; path = Images.xcassets; sourceTree = "<group>"; };
		BF16B88A1A5B76D4005FBA6D /* Base */ = {isa = PBXFileReference; lastKnownFileType = file.xib; name = Base; path = Base.lproj/LaunchScreen.xib; sourceTree = "<group>"; };
		BF16B8901A5B76D4005FBA6D /* TableViewTests.xctest */ = {isa = PBXFileReference; explicitFileType = wrapper.cfbundle; includeInIndex = 0; path = TableViewTests.xctest; sourceTree = BUILT_PRODUCTS_DIR; };
		BF16B8951A5B76D4005FBA6D /* Info.plist */ = {isa = PBXFileReference; lastKnownFileType = text.plist.xml; path = Info.plist; sourceTree = "<group>"; };
		BF16B8961A5B76D4005FBA6D /* TableViewTests.m */ = {isa = PBXFileReference; lastKnownFileType = sourcecode.c.objc; path = TableViewTests.m; sourceTree = "<group>"; };
		BF16B8A11A5B7A9F005FBA6D /* AppDelegate.h */ = {isa = PBXFileReference; fileEncoding = 4; lastKnownFileType = sourcecode.c.h; path = AppDelegate.h; sourceTree = "<group>"; };
		BF16B8A21A5B7A9F005FBA6D /* AppDelegate.m */ = {isa = PBXFileReference; fileEncoding = 4; lastKnownFileType = sourcecode.c.objc; path = AppDelegate.m; sourceTree = "<group>"; };
		BF16B8B41A5B7E20005FBA6D /* BaseViewController.h */ = {isa = PBXFileReference; fileEncoding = 4; lastKnownFileType = sourcecode.c.h; path = BaseViewController.h; sourceTree = "<group>"; };
		BF16B8B51A5B7E20005FBA6D /* BaseViewController.m */ = {isa = PBXFileReference; fileEncoding = 4; lastKnownFileType = sourcecode.c.objc; path = BaseViewController.m; sourceTree = "<group>"; };
		BF16B8BF1A5B820D005FBA6D /* Global.h */ = {isa = PBXFileReference; lastKnownFileType = sourcecode.c.h; path = Global.h; sourceTree = "<group>"; };
		BF16B8C01A5B8305005FBA6D /* MainViewController.h */ = {isa = PBXFileReference; fileEncoding = 4; lastKnownFileType = sourcecode.c.h; path = MainViewController.h; sourceTree = "<group>"; };
		BF16B8C11A5B8305005FBA6D /* MainViewController.m */ = {isa = PBXFileReference; fileEncoding = 4; lastKnownFileType = sourcecode.c.objc; path = MainViewController.m; sourceTree = "<group>"; };
		BF16B8C21A5B8305005FBA6D /* MainViewController.xib */ = {isa = PBXFileReference; fileEncoding = 4; lastKnownFileType = file.xib; path = MainViewController.xib; sourceTree = "<group>"; };
		BF16B8C51A5BBD1A005FBA6D /* ListCell.h */ = {isa = PBXFileReference; fileEncoding = 4; lastKnownFileType = sourcecode.c.h; path = ListCell.h; sourceTree = "<group>"; };
		BF16B8C61A5BBD1A005FBA6D /* ListCell.m */ = {isa = PBXFileReference; fileEncoding = 4; lastKnownFileType = sourcecode.c.objc; path = ListCell.m; sourceTree = "<group>"; };
		BF16B8C71A5BBD1A005FBA6D /* ListCell.xib */ = {isa = PBXFileReference; fileEncoding = 4; lastKnownFileType = file.xib; path = ListCell.xib; sourceTree = "<group>"; };
		D28438856A9644753EF7043B /* Pods.release.xcconfig */ = {isa = PBXFileReference; includeInIndex = 1; lastKnownFileType = text.xcconfig; name = Pods.release.xcconfig; path = "Pods/Target Support Files/Pods/Pods.release.xcconfig"; sourceTree = "<group>"; };
		DFFDE68B911D46A2577911AA /* libPods.a */ = {isa = PBXFileReference; explicitFileType = archive.ar; includeInIndex = 0; path = libPods.a; sourceTree = BUILT_PRODUCTS_DIR; };
		EF201A6F192EE8A6124F66B6 /* Pods.debug.xcconfig */ = {isa = PBXFileReference; includeInIndex = 1; lastKnownFileType = text.xcconfig; name = Pods.debug.xcconfig; path = "Pods/Target Support Files/Pods/Pods.debug.xcconfig"; sourceTree = "<group>"; };
/* End PBXFileReference section */

/* Begin PBXFrameworksBuildPhase section */
		BF16B8741A5B76D4005FBA6D /* Frameworks */ = {
			isa = PBXFrameworksBuildPhase;
			buildActionMask = 2147483647;
			files = (
				FFD6BEC716AF0D0F6DC6134F /* libPods.a in Frameworks */,
			);
			runOnlyForDeploymentPostprocessing = 0;
		};
		BF16B88D1A5B76D4005FBA6D /* Frameworks */ = {
			isa = PBXFrameworksBuildPhase;
			buildActionMask = 2147483647;
			files = (
			);
			runOnlyForDeploymentPostprocessing = 0;
		};
/* End PBXFrameworksBuildPhase section */

/* Begin PBXGroup section */
		4ECCAA2FF172ABB395F1111E /* Pods */ = {
			isa = PBXGroup;
			children = (
				EF201A6F192EE8A6124F66B6 /* Pods.debug.xcconfig */,
				D28438856A9644753EF7043B /* Pods.release.xcconfig */,
			);
			name = Pods;
			sourceTree = "<group>";
		};
		666797F14E71700D6F9F57B8 /* Frameworks */ = {
			isa = PBXGroup;
			children = (
				DFFDE68B911D46A2577911AA /* libPods.a */,
			);
			name = Frameworks;
			sourceTree = "<group>";
		};
		BF16B86E1A5B76D4005FBA6D = {
			isa = PBXGroup;
			children = (
				BF16B8791A5B76D4005FBA6D /* TableView */,
				BF16B8931A5B76D4005FBA6D /* TableViewTests */,
				BF16B8781A5B76D4005FBA6D /* Products */,
				4ECCAA2FF172ABB395F1111E /* Pods */,
				666797F14E71700D6F9F57B8 /* Frameworks */,
			);
			sourceTree = "<group>";
		};
		BF16B8781A5B76D4005FBA6D /* Products */ = {
			isa = PBXGroup;
			children = (
				BF16B8771A5B76D4005FBA6D /* TableView.app */,
				BF16B8901A5B76D4005FBA6D /* TableViewTests.xctest */,
			);
			name = Products;
			sourceTree = "<group>";
		};
		BF16B8791A5B76D4005FBA6D /* TableView */ = {
			isa = PBXGroup;
			children = (
				BF16B8A01A5B7A9F005FBA6D /* AppDelegate */,
				BF16B8BE1A5B8200005FBA6D /* Global */,
				BF16B8B31A5B7C91005FBA6D /* BaseViewCnotroller */,
				BF16B8A31A5B7A9F005FBA6D /* ViewControllers */,
				BF16B8871A5B76D4005FBA6D /* Images.xcassets */,
				BF16B8891A5B76D4005FBA6D /* LaunchScreen.xib */,
				BF16B87A1A5B76D4005FBA6D /* Supporting Files */,
			);
			path = TableView;
			sourceTree = "<group>";
		};
		BF16B87A1A5B76D4005FBA6D /* Supporting Files */ = {
			isa = PBXGroup;
			children = (
				BF16B87B1A5B76D4005FBA6D /* Info.plist */,
				BF16B87C1A5B76D4005FBA6D /* main.m */,
			);
			name = "Supporting Files";
			sourceTree = "<group>";
		};
		BF16B8931A5B76D4005FBA6D /* TableViewTests */ = {
			isa = PBXGroup;
			children = (
				BF16B8961A5B76D4005FBA6D /* TableViewTests.m */,
				BF16B8941A5B76D4005FBA6D /* Supporting Files */,
			);
			path = TableViewTests;
			sourceTree = "<group>";
		};
		BF16B8941A5B76D4005FBA6D /* Supporting Files */ = {
			isa = PBXGroup;
			children = (
				BF16B8951A5B76D4005FBA6D /* Info.plist */,
			);
			name = "Supporting Files";
			sourceTree = "<group>";
		};
		BF16B8A01A5B7A9F005FBA6D /* AppDelegate */ = {
			isa = PBXGroup;
			children = (
				BF16B8A11A5B7A9F005FBA6D /* AppDelegate.h */,
				BF16B8A21A5B7A9F005FBA6D /* AppDelegate.m */,
			);
			path = AppDelegate;
			sourceTree = "<group>";
		};
		BF16B8A31A5B7A9F005FBA6D /* ViewControllers */ = {
			isa = PBXGroup;
			children = (
				BF16B8A81A5B7AE1005FBA6D /* MainView */,
			);
			path = ViewControllers;
			sourceTree = "<group>";
		};
		BF16B8A81A5B7AE1005FBA6D /* MainView */ = {
			isa = PBXGroup;
			children = (
				BF16B8C01A5B8305005FBA6D /* MainViewController.h */,
				BF16B8C11A5B8305005FBA6D /* MainViewController.m */,
				BF16B8C21A5B8305005FBA6D /* MainViewController.xib */,
				BF16B8C51A5BBD1A005FBA6D /* ListCell.h */,
				BF16B8C61A5BBD1A005FBA6D /* ListCell.m */,
				BF16B8C71A5BBD1A005FBA6D /* ListCell.xib */,
			);
			path = MainView;
			sourceTree = "<group>";
		};
		BF16B8B31A5B7C91005FBA6D /* BaseViewCnotroller */ = {
			isa = PBXGroup;
			children = (
				BF16B8B41A5B7E20005FBA6D /* BaseViewController.h */,
				BF16B8B51A5B7E20005FBA6D /* BaseViewController.m */,
			);
			name = BaseViewCnotroller;
			path = ViewControllers/BaseViewCnotroller;
			sourceTree = "<group>";
		};
		BF16B8BE1A5B8200005FBA6D /* Global */ = {
			isa = PBXGroup;
			children = (
				BF16B8BF1A5B820D005FBA6D /* Global.h */,
			);
			path = Global;
			sourceTree = "<group>";
		};
/* End PBXGroup section */

/* Begin PBXNativeTarget section */
		BF16B8761A5B76D4005FBA6D /* TableView */ = {
			isa = PBXNativeTarget;
			buildConfigurationList = BF16B89A1A5B76D4005FBA6D /* Build configuration list for PBXNativeTarget "TableView" */;
			buildPhases = (
				F604097FB50851E5D1EC7922 /* Check Pods Manifest.lock */,
				BF16B8731A5B76D4005FBA6D /* Sources */,
				BF16B8741A5B76D4005FBA6D /* Frameworks */,
				BF16B8751A5B76D4005FBA6D /* Resources */,
				7946A832494E57F8550B77DF /* Copy Pods Resources */,
			);
			buildRules = (
			);
			dependencies = (
			);
			name = TableView;
			productName = TableView;
			productReference = BF16B8771A5B76D4005FBA6D /* TableView.app */;
			productType = "com.apple.product-type.application";
		};
		BF16B88F1A5B76D4005FBA6D /* TableViewTests */ = {
			isa = PBXNativeTarget;
			buildConfigurationList = BF16B89D1A5B76D4005FBA6D /* Build configuration list for PBXNativeTarget "TableViewTests" */;
			buildPhases = (
				BF16B88C1A5B76D4005FBA6D /* Sources */,
				BF16B88D1A5B76D4005FBA6D /* Frameworks */,
				BF16B88E1A5B76D4005FBA6D /* Resources */,
			);
			buildRules = (
			);
			dependencies = (
				BF16B8921A5B76D4005FBA6D /* PBXTargetDependency */,
			);
			name = TableViewTests;
			productName = TableViewTests;
			productReference = BF16B8901A5B76D4005FBA6D /* TableViewTests.xctest */;
			productType = "com.apple.product-type.bundle.unit-test";
		};
/* End PBXNativeTarget section */

/* Begin PBXProject section */
		BF16B86F1A5B76D4005FBA6D /* Project object */ = {
			isa = PBXProject;
			attributes = {
				LastUpgradeCheck = 0610;
				ORGANIZATIONNAME = shadow;
				TargetAttributes = {
					BF16B8761A5B76D4005FBA6D = {
						CreatedOnToolsVersion = 6.1.1;
					};
					BF16B88F1A5B76D4005FBA6D = {
						CreatedOnToolsVersion = 6.1.1;
						TestTargetID = BF16B8761A5B76D4005FBA6D;
					};
				};
			};
			buildConfigurationList = BF16B8721A5B76D4005FBA6D /* Build configuration list for PBXProject "TableView" */;
			compatibilityVersion = "Xcode 3.2";
			developmentRegion = English;
			hasScannedForEncodings = 0;
			knownRegions = (
				en,
				Base,
			);
			mainGroup = BF16B86E1A5B76D4005FBA6D;
			productRefGroup = BF16B8781A5B76D4005FBA6D /* Products */;
			projectDirPath = "";
			projectRoot = "";
			targets = (
				BF16B8761A5B76D4005FBA6D /* TableView */,
				BF16B88F1A5B76D4005FBA6D /* TableViewTests */,
			);
		};
/* End PBXProject section */

/* Begin PBXResourcesBuildPhase section */
		BF16B8751A5B76D4005FBA6D /* Resources */ = {
			isa = PBXResourcesBuildPhase;
			buildActionMask = 2147483647;
			files = (
				BF16B88B1A5B76D4005FBA6D /* LaunchScreen.xib in Resources */,
				BF16B8C91A5BBD1A005FBA6D /* ListCell.xib in Resources */,
				BF16B8C41A5B8305005FBA6D /* MainViewController.xib in Resources */,
				BF16B8881A5B76D4005FBA6D /* Images.xcassets in Resources */,
			);
			runOnlyForDeploymentPostprocessing = 0;
		};
		BF16B88E1A5B76D4005FBA6D /* Resources */ = {
			isa = PBXResourcesBuildPhase;
			buildActionMask = 2147483647;
			files = (
			);
			runOnlyForDeploymentPostprocessing = 0;
		};
/* End PBXResourcesBuildPhase section */

/* Begin PBXShellScriptBuildPhase section */
		7946A832494E57F8550B77DF /* Copy Pods Resources */ = {
			isa = PBXShellScriptBuildPhase;
			buildActionMask = 2147483647;
			files = (
			);
			inputPaths = (
			);
			name = "Copy Pods Resources";
			outputPaths = (
			);
			runOnlyForDeploymentPostprocessing = 0;
			shellPath = /bin/sh;
			shellScript = "\"${SRCROOT}/Pods/Target Support Files/Pods/Pods-resources.sh\"\n";
			showEnvVarsInLog = 0;
		};
		F604097FB50851E5D1EC7922 /* Check Pods Manifest.lock */ = {
			isa = PBXShellScriptBuildPhase;
			buildActionMask = 2147483647;
			files = (
			);
			inputPaths = (
			);
			name = "Check Pods Manifest.lock";
			outputPaths = (
			);
			runOnlyForDeploymentPostprocessing = 0;
			shellPath = /bin/sh;
			shellScript = "diff \"${PODS_ROOT}/../Podfile.lock\" \"${PODS_ROOT}/Manifest.lock\" > /dev/null\nif [[ $? != 0 ]] ; then\n    cat << EOM\nerror: The sandbox is not in sync with the Podfile.lock. Run 'pod install' or update your CocoaPods installation.\nEOM\n    exit 1\nfi\n";
			showEnvVarsInLog = 0;
		};
/* End PBXShellScriptBuildPhase section */

/* Begin PBXSourcesBuildPhase section */
		BF16B8731A5B76D4005FBA6D /* Sources */ = {
			isa = PBXSourcesBuildPhase;
			buildActionMask = 2147483647;
			files = (
				BF16B8A61A5B7A9F005FBA6D /* AppDelegate.m in Sources */,
				BF16B8B61A5B7E20005FBA6D /* BaseViewController.m in Sources */,
				BF16B87D1A5B76D4005FBA6D /* main.m in Sources */,
				BF16B8C81A5BBD1A005FBA6D /* ListCell.m in Sources */,
				BF16B8C31A5B8305005FBA6D /* MainViewController.m in Sources */,
			);
			runOnlyForDeploymentPostprocessing = 0;
		};
		BF16B88C1A5B76D4005FBA6D /* Sources */ = {
			isa = PBXSourcesBuildPhase;
			buildActionMask = 2147483647;
			files = (
				BF16B8971A5B76D4005FBA6D /* TableViewTests.m in Sources */,
			);
			runOnlyForDeploymentPostprocessing = 0;
		};
/* End PBXSourcesBuildPhase section */

/* Begin PBXTargetDependency section */
		BF16B8921A5B76D4005FBA6D /* PBXTargetDependency */ = {
			isa = PBXTargetDependency;
			target = BF16B8761A5B76D4005FBA6D /* TableView */;
			targetProxy = BF16B8911A5B76D4005FBA6D /* PBXContainerItemProxy */;
		};
/* End PBXTargetDependency section */

/* Begin PBXVariantGroup section */
		BF16B8891A5B76D4005FBA6D /* LaunchScreen.xib */ = {
			isa = PBXVariantGroup;
			children = (
				BF16B88A1A5B76D4005FBA6D /* Base */,
			);
			name = LaunchScreen.xib;
			sourceTree = "<group>";
		};
/* End PBXVariantGroup section */

/* Begin XCBuildConfiguration section */
		BF16B8981A5B76D4005FBA6D /* Debug */ = {
			isa = XCBuildConfiguration;
			buildSettings = {
				ALWAYS_SEARCH_USER_PATHS = NO;
				CLANG_CXX_LANGUAGE_STANDARD = "gnu++0x";
				CLANG_CXX_LIBRARY = "libc++";
				CLANG_ENABLE_MODULES = YES;
				CLANG_ENABLE_OBJC_ARC = YES;
				CLANG_WARN_BOOL_CONVERSION = YES;
				CLANG_WARN_CONSTANT_CONVERSION = YES;
				CLANG_WARN_DIRECT_OBJC_ISA_USAGE = YES_ERROR;
				CLANG_WARN_EMPTY_BODY = YES;
				CLANG_WARN_ENUM_CONVERSION = YES;
				CLANG_WARN_INT_CONVERSION = YES;
				CLANG_WARN_OBJC_ROOT_CLASS = YES_ERROR;
				CLANG_WARN_UNREACHABLE_CODE = YES;
				CLANG_WARN__DUPLICATE_METHOD_MATCH = YES;
				"CODE_SIGN_IDENTITY[sdk=iphoneos*]" = "iPhone Developer";
				COPY_PHASE_STRIP = NO;
				ENABLE_STRICT_OBJC_MSGSEND = YES;
				GCC_C_LANGUAGE_STANDARD = gnu99;
				GCC_DYNAMIC_NO_PIC = NO;
				GCC_OPTIMIZATION_LEVEL = 0;
				GCC_PREPROCESSOR_DEFINITIONS = (
					"DEBUG=1",
					"$(inherited)",
				);
				GCC_SYMBOLS_PRIVATE_EXTERN = NO;
				GCC_WARN_64_TO_32_BIT_CONVERSION = YES;
				GCC_WARN_ABOUT_RETURN_TYPE = YES_ERROR;
				GCC_WARN_UNDECLARED_SELECTOR = YES;
				GCC_WARN_UNINITIALIZED_AUTOS = YES_AGGRESSIVE;
				GCC_WARN_UNUSED_FUNCTION = YES;
				GCC_WARN_UNUSED_VARIABLE = YES;
				IPHONEOS_DEPLOYMENT_TARGET = 8.1;
				MTL_ENABLE_DEBUG_INFO = YES;
				ONLY_ACTIVE_ARCH = YES;
				SDKROOT = iphoneos;
				TARGETED_DEVICE_FAMILY = "1,2";
			};
			name = Debug;
		};
		BF16B8991A5B76D4005FBA6D /* Release */ = {
			isa = XCBuildConfiguration;
			buildSettings = {
				ALWAYS_SEARCH_USER_PATHS = NO;
				CLANG_CXX_LANGUAGE_STANDARD = "gnu++0x";
				CLANG_CXX_LIBRARY = "libc++";
				CLANG_ENABLE_MODULES = YES;
				CLANG_ENABLE_OBJC_ARC = YES;
				CLANG_WARN_BOOL_CONVERSION = YES;
				CLANG_WARN_CONSTANT_CONVERSION = YES;
				CLANG_WARN_DIRECT_OBJC_ISA_USAGE = YES_ERROR;
				CLANG_WARN_EMPTY_BODY = YES;
				CLANG_WARN_ENUM_CONVERSION = YES;
				CLANG_WARN_INT_CONVERSION = YES;
				CLANG_WARN_OBJC_ROOT_CLASS = YES_ERROR;
				CLANG_WARN_UNREACHABLE_CODE = YES;
				CLANG_WARN__DUPLICATE_METHOD_MATCH = YES;
				"CODE_SIGN_IDENTITY[sdk=iphoneos*]" = "iPhone Developer";
				COPY_PHASE_STRIP = YES;
				ENABLE_NS_ASSERTIONS = NO;
				ENABLE_STRICT_OBJC_MSGSEND = YES;
				GCC_C_LANGUAGE_STANDARD = gnu99;
				GCC_WARN_64_TO_32_BIT_CONVERSION = YES;
				GCC_WARN_ABOUT_RETURN_TYPE = YES_ERROR;
				GCC_WARN_UNDECLARED_SELECTOR = YES;
				GCC_WARN_UNINITIALIZED_AUTOS = YES_AGGRESSIVE;
				GCC_WARN_UNUSED_FUNCTION = YES;
				GCC_WARN_UNUSED_VARIABLE = YES;
				IPHONEOS_DEPLOYMENT_TARGET = 8.1;
				MTL_ENABLE_DEBUG_INFO = NO;
				SDKROOT = iphoneos;
				TARGETED_DEVICE_FAMILY = "1,2";
				VALIDATE_PRODUCT = YES;
			};
			name = Release;
		};
		BF16B89B1A5B76D4005FBA6D /* Debug */ = {
			isa = XCBuildConfiguration;
			baseConfigurationReference = EF201A6F192EE8A6124F66B6 /* Pods.debug.xcconfig */;
			buildSettings = {
				ASSETCATALOG_COMPILER_APPICON_NAME = AppIcon;
				INFOPLIST_FILE = TableView/Info.plist;
				LD_RUNPATH_SEARCH_PATHS = "$(inherited) @executable_path/Frameworks";
				PRODUCT_NAME = "$(TARGET_NAME)";
			};
			name = Debug;
		};
		BF16B89C1A5B76D4005FBA6D /* Release */ = {
			isa = XCBuildConfiguration;
			baseConfigurationReference = D28438856A9644753EF7043B /* Pods.release.xcconfig */;
			buildSettings = {
				ASSETCATALOG_COMPILER_APPICON_NAME = AppIcon;
				INFOPLIST_FILE = TableView/Info.plist;
				LD_RUNPATH_SEARCH_PATHS = "$(inherited) @executable_path/Frameworks";
				PRODUCT_NAME = "$(TARGET_NAME)";
			};
			name = Release;
		};
		BF16B89E1A5B76D4005FBA6D /* Debug */ = {
			isa = XCBuildConfiguration;
			buildSettings = {
				BUNDLE_LOADER = "$(TEST_HOST)";
				FRAMEWORK_SEARCH_PATHS = (
					"$(SDKROOT)/Developer/Library/Frameworks",
					"$(inherited)",
				);
				GCC_PREPROCESSOR_DEFINITIONS = (
					"DEBUG=1",
					"$(inherited)",
				);
				INFOPLIST_FILE = TableViewTests/Info.plist;
				LD_RUNPATH_SEARCH_PATHS = "$(inherited) @executable_path/Frameworks @loader_path/Frameworks";
				PRODUCT_NAME = "$(TARGET_NAME)";
				TEST_HOST = "$(BUILT_PRODUCTS_DIR)/TableView.app/TableView";
			};
			name = Debug;
		};
		BF16B89F1A5B76D4005FBA6D /* Release */ = {
			isa = XCBuildConfiguration;
			buildSettings = {
				BUNDLE_LOADER = "$(TEST_HOST)";
				FRAMEWORK_SEARCH_PATHS = (
					"$(SDKROOT)/Developer/Library/Frameworks",
					"$(inherited)",
				);
				INFOPLIST_FILE = TableViewTests/Info.plist;
				LD_RUNPATH_SEARCH_PATHS = "$(inherited) @executable_path/Frameworks @loader_path/Frameworks";
				PRODUCT_NAME = "$(TARGET_NAME)";
				TEST_HOST = "$(BUILT_PRODUCTS_DIR)/TableView.app/TableView";
			};
			name = Release;
		};
/* End XCBuildConfiguration section */

/* Begin XCConfigurationList section */
		BF16B8721A5B76D4005FBA6D /* Build configuration list for PBXProject "TableView" */ = {
			isa = XCConfigurationList;
			buildConfigurations = (
				BF16B8981A5B76D4005FBA6D /* Debug */,
				BF16B8991A5B76D4005FBA6D /* Release */,
			);
			defaultConfigurationIsVisible = 0;
			defaultConfigurationName = Release;
		};
		BF16B89A1A5B76D4005FBA6D /* Build configuration list for PBXNativeTarget "TableView" */ = {
			isa = XCConfigurationList;
			buildConfigurations = (
				BF16B89B1A5B76D4005FBA6D /* Debug */,
				BF16B89C1A5B76D4005FBA6D /* Release */,
			);
			defaultConfigurationIsVisible = 0;
			defaultConfigurationName = Release;
		};
		BF16B89D1A5B76D4005FBA6D /* Build configuration list for PBXNativeTarget "TableViewTests" */ = {
			isa = XCConfigurationList;
			buildConfigurations = (
				BF16B89E1A5B76D4005FBA6D /* Debug */,
				BF16B89F1A5B76D4005FBA6D /* Release */,
			);
			defaultConfigurationIsVisible = 0;
			defaultConfigurationName = Release;
		};
/* End XCConfigurationList section */
	};
	rootObject = BF16B86F1A5B76D4005FBA6D /* Project object */;
}
